lockfileVersion: '9.0'

settings:
  autoInstallPeers: true
  excludeLinksFromLockfile: false

importers:

  .:
    dependencies:
      '@testing-library/jest-dom':
        specifier: ^6.9.1
        version: 6.9.1
      '@testing-library/react':
        specifier: ^16.3.2
        version: 16.3.2(@testing-library/dom@10.4.1)(@types/react-dom@19.2.3(@types/react@19.2.17))(@types/react@19.2.17)(react-dom@19.2.7(react@19.2.7))(react@19.2.7)
      '@testing-library/user-event':
        specifier: ^14.6.1
        version: 14.6.1(@testing-library/dom@10.4.1)
      '@types/jest':
        specifier: ^30.0.0
        version: 30.0.0
      '@types/node':
        specifier: ^25.9.3
        version: 25.9.3
      '@types/react':
        specifier: ^19.2.17
        version: 19.2.17
      '@types/react-dom':
        specifier: ^19.2.3
        version: 19.2.3(@types/react@19.2.17)
      '@types/styled-components':
        specifier: ^5.1.36
        version: 5.1.36
      prettier:
        specifier: ^3.8.4
        version: 3.8.4
      react:
        specifier: ^19.2.7
        version: 19.2.7
      react-dom:
        specifier: ^19.2.7
        version: 19.2.7(react@19.2.7)
      styled-components:
        specifier: ^6.4.2
        version: 6.4.2(react-dom@19.2.7(react@19.2.7))(react@19.2.7)
      typescript:
        specifier: ^6.0.3
        version: 6.0.3
      web-vitals:
        specifier: ^5.3.0
        version: 5.3.0
    devDependencies:
      '@vitejs/plugin-react':
        specifier: ^6.0.2
        version: 6.0.2(vite@8.0.16(@types/node@25.9.3))
      vite:
        specifier: ^8.0.16
        version: 8.0.16(@types/node@25.9.3)

packages:

  '@adobe/css-tools@4.5.0':
    resolution: {integrity: sha512-6OzddxPio9UiWTCemp4N8cYLV2ZN1ncRnV1cVGtve7dhPOtRkleRyx32GQCYSwDYgaHU3USMm84tNsvKzRCa1Q==}

  '@babel/code-frame@7.29.7':
    resolution: {integrity: sha512-Aup7aUOfpbAUg2ROOJN6Iw5f9DMBlzu0mIkm/malLQFN/YQgO48wCj0Kxa3sEHJvPVFg7siR+qRInwXd2qhQKw==}
    engines: {node: '>=6.9.0'}

  '@babel/helper-validator-identifier@7.29.7':
    resolution: {integrity: sha512-qehxGkRj55h/ff8EMaJ+cYhyaKlHIxqYDn682wQD7RNp9UujOQsHog2uS0r2vzr4pW+sXf90NeeayjcNaX3fFg==}
    engines: {node: '>=6.9.0'}

  '@babel/runtime@7.29.7':
    resolution: {integrity: sha512-Nq8OhGWiZIZGV6hLHoyAKLLcJihP/xFeBMGJoUrxTX2psI8dCifzLhZISFb+VWS3wFMRDmCGw5R+dOySCqPLhw==}
    engines: {node: '>=6.9.0'}

  '@emnapi/core@1.10.0':
    resolution: {integrity: sha512-yq6OkJ4p82CAfPl0u9mQebQHKPJkY7WrIuk205cTYnYe+k2Z8YBh11FrbRG/H6ihirqcacOgl2BIO8oyMQLeXw==}

  '@emnapi/runtime@1.10.0':
    resolution: {integrity: sha512-ewvYlk86xUoGI0zQRNq/mC+16R1QeDlKQy21Ki3oSYXNgLb45GV1P6A0M+/s6nyCuNDqe5VpaY84BzXGwVbwFA==}

  '@emnapi/wasi-threads@1.2.1':
    resolution: {integrity: sha512-uTII7OYF+/Mes/MrcIOYp5yOtSMLBWSIoLPpcgwipoiKbli6k322tcoFsxoIIxPDqW01SQGAgko4EzZi2BNv2w==}

  '@emotion/is-prop-valid@1.4.0':
    resolution: {integrity: sha512-QgD4fyscGcbbKwJmqNvUMSE02OsHUa+lAWKdEUIJKgqe5IwRSKd7+KhibEWdaKwgjLj0DRSHA9biAIqGBk05lw==}

  '@emotion/memoize@0.9.0':
    resolution: {integrity: sha512-30FAj7/EoJ5mwVPOWhAyCX+FPfMDrVecJAM+Iw9NRoSl4BBAQeqj4cApHHUXOVvIPgLVDsCFoz/hGD+5QQD1GQ==}

  '@jest/diff-sequences@30.4.0':
    resolution: {integrity: sha512-zOpzlfUs45l6u7jm39qr87JCHUDsaeCtvL+kQe/Vn9jSnRB4/5IPXISm0h9I1vZW/o00Kn4UTJ2MOlhnUGwv3g==}
    engines: {node: ^18.14.0 || ^20.0.0 || ^22.0.0 || >=24.0.0}

  '@jest/expect-utils@30.4.1':
    resolution: {integrity: sha512-ZBn5CglH8fBsQsvs4VWNzD4aWfUYks+IdOOQU3MEK71ol/BcVm+P+rtb1KpiFBpSWSCE27uOahyyf1vfqOVbcQ==}
    engines: {node: ^18.14.0 || ^20.0.0 || ^22.0.0 || >=24.0.0}

  '@jest/get-type@30.1.0':
    resolution: {integrity: sha512-eMbZE2hUnx1WV0pmURZY9XoXPkUYjpc55mb0CrhtdWLtzMQPFvu/rZkTLZFTsdaVQa+Tr4eWAteqcUzoawq/uA==}
    engines: {node: ^18.14.0 || ^20.0.0 || ^22.0.0 || >=24.0.0}

  '@jest/pattern@30.4.0':
    resolution: {integrity: sha512-RAWn3+f9u8BsHijKJ71uHcFp6vmyEt6VvoWXkl6hKF3qVIuWNmudVjg12DlBPGup/frIl5UcUlH5HfEuvHpEXg==}
    engines: {node: ^18.14.0 || ^20.0.0 || ^22.0.0 || >=24.0.0}

  '@jest/schemas@30.4.1':
    resolution: {integrity: sha512-i6b4qw5qnP8c5FEeBJg/uZQ4ddrkN6Ca8qISJh0pr7a5hfn3h3v5x60BEbOC7OYAGZNMs1LfFLwnW2CuK8F57Q==}
    engines: {node: ^18.14.0 || ^20.0.0 || ^22.0.0 || >=24.0.0}

  '@jest/types@30.4.1':
    resolution: {integrity: sha512-f1x/vJXIfjOlEmejYpbkbgw1gOqpPECwMvMEtBqe47j7H2Hg8h8w3o3ikhSXq3MI15kg+oQ0exWO0uCtTNJLoQ==}
    engines: {node: ^18.14.0 || ^20.0.0 || ^22.0.0 || >=24.0.0}

  '@napi-rs/wasm-runtime@1.1.5':
    resolution: {integrity: sha512-AWPoBRJ9tsnVhor4sjO7rkni+7p+2IAEFj6cx06UgP10jkQHqay/36uRV/bFkgrh18D9vb4cr8Q0Pthskgzy+Q==}
    peerDependencies:
      '@emnapi/core': ^1.7.1
      '@emnapi/runtime': ^1.7.1

  '@oxc-project/types@0.133.0':
    resolution: {integrity: sha512-KzkdCd6Uxqnf6l3HOw1xfatAlUURA0g14cvBYFyJ5SaNOQbOUvBr9PKArcPcrNIeRsBdgcUzOGrhKveVpvOIGA==}

  '@rolldown/binding-android-arm64@1.0.3':
    resolution: {integrity: sha512-454rs7jHngixp/NMxd5srYD57OnzSlZ/eFTETjORQHLwJG1lRtmNOJcBerZlfu4GjKqeq8aCCIQrMdHyhI51Hw==}
    engines: {node: ^20.19.0 || >=22.12.0}
    cpu: [arm64]
    os: [android]

  '@rolldown/binding-darwin-arm64@1.0.3':
    resolution: {integrity: sha512-PcAhP+ynjURNyy8SKGl5DQP94aGuB/7JrXJb/t7P+hanXvQVMWzUvRRhBAcg/lNRadBhoUPqSoP4xw5tR/KBEA==}
    engines: {node: ^20.19.0 || >=22.12.0}
    cpu: [arm64]
    os: [darwin]

  '@rolldown/binding-darwin-x64@1.0.3':
    resolution: {integrity: sha512-9YpfeUvSE2RS7wysJ81uOZkXJz7f7Q55H2Gvp3VEw/EsahqDtrphrZ0EwDLK5vvKOzaCrBsjF8JmnMLcUt78Gg==}
    engines: {node: ^20.19.0 || >=22.12.0}
    cpu: [x64]
    os: [darwin]

  '@rolldown/binding-freebsd-x64@1.0.3':
    resolution: {integrity: sha512-yB1IlAsSNHncV6SCTL27/MVGR5htvQsoGxIv5KMGXALp+Ll1wYsn+x98M9MW7qa+NdSbvrrY7ANI4wLJ0n1e6g==}
    engines: {node: ^20.19.0 || >=22.12.0}
    cpu: [x64]
    os: [freebsd]

  '@rolldown/binding-linux-arm-gnueabihf@1.0.3':
    resolution: {integrity: sha512-Yi30IVAAfLUCy2MseFjbB1jAMDl1VMCAas5StnYp8da9+CKvMd2H2cbEjWcw5NPaPqzvYkVIaF1nNUG+b7u/sw==}
    engines: {node: ^20.19.0 || >=22.12.0}
    cpu: [arm]
    os: [linux]

  '@rolldown/binding-linux-arm64-gnu@1.0.3':
    resolution: {integrity: sha512-jsO7R8To+AdlYgUmN5sHSCZbfhtMBkO0WUx8iORQnPcMMdgr7qM2DQmMwgabs3GhNztdmoKkMKQFHD6DTMCIQw==}
    engines: {node: ^20.19.0 || >=22.12.0}
    cpu: [arm64]
    os: [linux]
    libc: [glibc]

  '@rolldown/binding-linux-arm64-musl@1.0.3':
    resolution: {integrity: sha512-VWkUHwWriDciit80wleYwKILoR/KMvxh/IdwS/paX+ZgpuRpCrKLUdadJbc0NpBEiyhpYawsJ73j9aCvOH+f7Q==}
    engines: {node: ^20.19.0 || >=22.12.0}
    cpu: [arm64]
    os: [linux]
    libc: [musl]

  '@rolldown/binding-linux-ppc64-gnu@1.0.3':
    resolution: {integrity: sha512-5f1laC0SlIR0yDbFCd8acUhvJIag6N3zC5P7oUPN6wX0aOma+uKJ0wBDH5aq7I1PVI2ttTlhJwzwRIBnLiSGEg==}
    engines: {node: ^20.19.0 || >=22.12.0}
    cpu: [ppc64]
    os: [linux]
    libc: [glibc]

  '@rolldown/binding-linux-s390x-gnu@1.0.3':
    resolution: {integrity: sha512-Iq4ko0r4XsgbrF/LunNgHtAGLRRVE2kXonAXQ/MV0mC6jQpMOhW1SvtZja2EhC/kd05++bP78dsqBeIQyYJ6Yg==}
    engines: {node: ^20.19.0 || >=22.12.0}
    cpu: [s390x]
    os: [linux]
    libc: [glibc]

  '@rolldown/binding-linux-x64-gnu@1.0.3':
    resolution: {integrity: sha512-B8m6tD5+/N5FeNQFbKlLA/2yVq9ycQP1SeedyEYYKWBNR3ZQbkvIUcNnDNM03lO1l5F2roiiFJGgvoLLyZXtSg==}
    engines: {node: ^20.19.0 || >=22.12.0}
    cpu: [x64]
    os: [linux]
    libc: [glibc]

  '@rolldown/binding-linux-x64-musl@1.0.3':
    resolution: {integrity: sha512-pSdpdUJHkuCxun9LE7jvgUB9qsRgaiyNNCX7m/AvHTcq67AiT/Yhoxvw5zPfhrM8k/BfP8ce/hMOpthKDpEUow==}
    engines: {node: ^20.19.0 || >=22.12.0}
    cpu: [x64]
    os: [linux]
    libc: [musl]

  '@rolldown/binding-openharmony-arm64@1.0.3':
    resolution: {integrity: sha512-OXXS3RKJgX2uLwM+gYyuH5omcH8fL1LJs96pZGgtetVCahON57+d4SJHzTgZiOjxgGkSnpXpOsWuPDGAKAigEg==}
    engines: {node: ^20.19.0 || >=22.12.0}
    cpu: [arm64]
    os: [openharmony]

  '@rolldown/binding-wasm32-wasi@1.0.3':
    resolution: {integrity: sha512-JTtb8BWFynicNSoPrehsCzBtOKjZ6jhMiPFEmOiuXg1Fl8dn2KHQob+GuPSGR0dryQa1PQJbzjF3dqO/whhjLg==}
    engines: {node: ^20.19.0 || >=22.12.0}
    cpu: [wasm32]

  '@rolldown/binding-win32-arm64-msvc@1.0.3':
    resolution: {integrity: sha512-gEdFFEN70A/jxb2svrWsN3aDL7OUtmvlOy+6fa2jxG8K0wQ1ZbdeLGnidov6Yu5/733dI5ySfzFlQ/cb0bSz1g==}
    engines: {node: ^20.19.0 || >=22.12.0}
    cpu: [arm64]
    os: [win32]

  '@rolldown/binding-win32-x64-msvc@1.0.3':
    resolution: {integrity: sha512-eXB7CHuaQdqmJcc3koCNtNPmT/bj2gc999kUFgBxG8Ac0NdgXc4rkCHhqrgrhN3zddvvvrgzj1e90SuSfmyIXA==}
    engines: {node: ^20.19.0 || >=22.12.0}
    cpu: [x64]
    os: [win32]

  '@rolldown/pluginutils@1.0.1':
    resolution: {integrity: sha512-2j9bGt5Jh8hj+vPtgzPtl72j0yRxHAyumoo6TNfAjsLB04UtpSvPbPcDcBMxz7n+9CYB0c1GxQFxYRg2jimqGw==}

  '@sinclair/typebox@0.34.49':
    resolution: {integrity: sha512-brySQQs7Jtn0joV8Xh9ZV/hZb9Ozb0pmazDIASBkYKCjXrXU3mpcFahmK/z4YDhGkQvP9mWJbVyahdtU5wQA+A==}

  '@testing-library/dom@10.4.1':
    resolution: {integrity: sha512-o4PXJQidqJl82ckFaXUeoAW+XysPLauYI43Abki5hABd853iMhitooc6znOnczgbTYmEP6U6/y1ZyKAIsvMKGg==}
    engines: {node: '>=18'}

  '@testing-library/jest-dom@6.9.1':
    resolution: {integrity: sha512-zIcONa+hVtVSSep9UT3jZ5rizo2BsxgyDYU7WFD5eICBE7no3881HGeb/QkGfsJs6JTkY1aQhT7rIPC7e+0nnA==}
    engines: {node: '>=14', npm: '>=6', yarn: '>=1'}

  '@testing-library/react@16.3.2':
    resolution: {integrity: sha512-XU5/SytQM+ykqMnAnvB2umaJNIOsLF3PVv//1Ew4CTcpz0/BRyy/af40qqrt7SjKpDdT1saBMc42CUok5gaw+g==}
    engines: {node: '>=18'}
    peerDependencies:
      '@testing-library/dom': ^10.0.0
      '@types/react': ^18.0.0 || ^19.0.0
      '@types/react-dom': ^18.0.0 || ^19.0.0
      react: ^18.0.0 || ^19.0.0
      react-dom: ^18.0.0 || ^19.0.0
    peerDependenciesMeta:
      '@types/react':
        optional: true
      '@types/react-dom':
        optional: true

  '@testing-library/user-event@14.6.1':
    resolution: {integrity: sha512-vq7fv0rnt+QTXgPxr5Hjc210p6YKq2kmdziLgnsZGgLJ9e6VAShx1pACLuRjd/AS/sr7phAR58OIIpf0LlmQNw==}
    engines: {node: '>=12', npm: '>=6'}
    peerDependencies:
      '@testing-library/dom': '>=7.21.4'

  '@tybys/wasm-util@0.10.2':
    resolution: {integrity: sha512-RoBvJ2X0wuKlWFIjrwffGw1IqZHKQqzIchKaadZZfnNpsAYp2mM0h36JtPCjNDAHGgYez/15uMBpfGwchhiMgg==}

  '@types/aria-query@5.0.4':
    resolution: {integrity: sha512-rfT93uj5s0PRL7EzccGMs3brplhcrghnDoV26NqKhCAS1hVo+WdNsPvE/yb6ilfr5hi2MEk6d5EWJTKdxg8jVw==}

  '@types/hoist-non-react-statics@3.3.7':
    resolution: {integrity: sha512-PQTyIulDkIDro8P+IHbKCsw7U2xxBYflVzW/FgWdCAePD9xGSidgA76/GeJ6lBKoblyhf9pBY763gbrN+1dI8g==}
    peerDependencies:
      '@types/react': '*'

  '@types/istanbul-lib-coverage@2.0.6':
    resolution: {integrity: sha512-2QF/t/auWm0lsy8XtKVPG19v3sSOQlJe/YHZgfjb/KBBHOGSV+J2q/S671rcq9uTBrLAXmZpqJiaQbMT+zNU1w==}

  '@types/istanbul-lib-report@3.0.3':
    resolution: {integrity: sha512-NQn7AHQnk/RSLOxrBbGyJM/aVQ+pjj5HCgasFxc0K/KhoATfQ/47AyUl15I2yBUpihjmas+a+VJBOqecrFH+uA==}

  '@types/istanbul-reports@3.0.4':
    resolution: {integrity: sha512-pk2B1NWalF9toCRu6gjBzR69syFjP4Od8WRAX+0mmf9lAjCRicLOWc+ZrxZHx/0XRjotgkF9t6iaMJ+aXcOdZQ==}

  '@types/jest@30.0.0':
    resolution: {integrity: sha512-XTYugzhuwqWjws0CVz8QpM36+T+Dz5mTEBKhNs/esGLnCIlGdRy+Dq78NRjd7ls7r8BC8ZRMOrKlkO1hU0JOwA==}

  '@types/node@25.9.3':
    resolution: {integrity: sha512-603BddQMv3pUcr4U2dhujk83N2tTDVr/34wII2B6bJy6g+8WD6yUb11jszNs0gdi4PesVWl7ABt8nYMVpnLUcg==}

  '@types/react-dom@19.2.3':
    resolution: {integrity: sha512-jp2L/eY6fn+KgVVQAOqYItbF0VY/YApe5Mz2F0aykSO8gx31bYCZyvSeYxCHKvzHG5eZjc+zyaS5BrBWya2+kQ==}
    peerDependencies:
      '@types/react': ^19.2.0

  '@types/react@19.2.17':
    resolution: {integrity: sha512-MXfmqaVPEVgkBT/aY0aGCkRWWtByiYQXo3xdQ8r5RzuFrPiRn8Gar2tQdXSUQ2GKV3bkXckek89V8wQBY2Q/Aw==}

  '@types/stack-utils@2.0.3':
    resolution: {integrity: sha512-9aEbYZ3TbYMznPdcdr3SmIrLXwC/AKZXQeCf9Pgao5CKb8CyHuEX5jzWPTkvregvhRJHcpRO6BFoGW9ycaOkYw==}

  '@types/styled-components@5.1.36':
    resolution: {integrity: sha512-pGMRNY5G2rNDKEv2DOiFYa7Ft1r0jrhmgBwHhOMzPTgCjO76bCot0/4uEfqj7K0Jf1KdQmDtAuaDk9EAs9foSw==}

  '@types/yargs-parser@21.0.3':
    resolution: {integrity: sha512-I4q9QU9MQv4oEOz4tAHJtNz1cwuLxn2F3xcc2iV5WdqLPpUnj30aUuxt1mAxYTG+oe8CZMV/+6rU4S4gRDzqtQ==}

  '@types/yargs@17.0.35':
    resolution: {integrity: sha512-qUHkeCyQFxMXg79wQfTtfndEC+N9ZZg76HJftDJp+qH2tV7Gj4OJi7l+PiWwJ+pWtW8GwSmqsDj/oymhrTWXjg==}

  '@vitejs/plugin-react@6.0.2':
    resolution: {integrity: sha512-DlSMqo4WhThw4vB8Mpn0Woe9J+Jfq1geJ61AKW0QEgLzGMNwtIMdxbDUzLxcun8W7NbJO0e2Jg/Nxm3cCSVzzg==}
    engines: {node: ^20.19.0 || >=22.12.0}
    peerDependencies:
      '@rolldown/plugin-babel': ^0.1.7 || ^0.2.0
      babel-plugin-react-compiler: ^1.0.0
      vite: ^8.0.0
    peerDependenciesMeta:
      '@rolldown/plugin-babel':
        optional: true
      babel-plugin-react-compiler:
        optional: true

  ansi-regex@5.0.1:
    resolution: {integrity: sha512-quJQXlTSUGL2LH9SUXo8VwsY4soanhgo6LNSm84E1LBcE8s3O0wpdiRzyR9z/ZZJMlMWv37qOOb9pdJlMUEKFQ==}
    engines: {node: '>=8'}

  ansi-styles@4.3.0:
    resolution: {integrity: sha512-zbB9rCJAT1rbjiVDb2hqKFHNYLxgtk8NURxZ3IZwD3F6NtxbXZQCnnSi1Lkx+IDohdPlFp222wVALIheZJQSEg==}
    engines: {node: '>=8'}

  ansi-styles@5.2.0:
    resolution: {integrity: sha512-Cxwpt2SfTzTtXcfOlzGEee8O+c+MmUgGrNiBcXnuWxuFJHe6a5Hz7qwhwe5OgaSYI0IJvkLqWX1ASG+cJOkEiA==}
    engines: {node: '>=10'}

  aria-query@5.3.0:
    resolution: {integrity: sha512-b0P0sZPKtyu8HkeRAfCq0IfURZK+SuwMjY1UXGBU27wpAiTwQAIlq56IbIO+ytk/JjS1fMR14ee5WBBfKi5J6A==}

  aria-query@5.3.2:
    resolution: {integrity: sha512-COROpnaoap1E2F000S62r6A60uHZnmlvomhfyT2DlTcrY1OrBKn2UhH7qn5wTC9zMvD0AY7csdPSNwKP+7WiQw==}
    engines: {node: '>= 0.4'}

  chalk@4.1.2:
    resolution: {integrity: sha512-oKnbhFyRIXpUuez8iBMmyEa4nbj4IOQyuhc/wy9kY7/WVPcwIO9VA668Pu8RkO7+0G76SLROeyw9CpQ061i4mA==}
    engines: {node: '>=10'}

  ci-info@4.4.0:
    resolution: {integrity: sha512-77PSwercCZU2Fc4sX94eF8k8Pxte6JAwL4/ICZLFjJLqegs7kCuAsqqj/70NQF6TvDpgFjkubQB2FW2ZZddvQg==}
    engines: {node: '>=8'}

  color-convert@2.0.1:
    resolution: {integrity: sha512-RRECPsj7iu/xb5oKYcsFHSppFNnsj/52OVTRKb4zP5onXwVF3zVmmToNcOfGC+CRDpfK/U584fMg38ZHCaElKQ==}
    engines: {node: '>=7.0.0'}

  color-name@1.1.4:
    resolution: {integrity: sha512-dOy+3AuW3a2wNbZHIuMZpTcgjGuLU/uBL/ubcZF9OXbDo8ff4O8yVp5Bf0efS8uEoYo5q4Fx7dY9OgQGXgAsQA==}

  css.escape@1.5.1:
    resolution: {integrity: sha512-YUifsXXuknHlUsmlgyY0PKzgPOr7/FjCePfHNt0jxm83wHZi44VDMQ7/fGNkjY3/jV1MC+1CmZbaHzugyeRtpg==}

  csstype@3.2.3:
    resolution: {integrity: sha512-z1HGKcYy2xA8AGQfwrn0PAy+PB7X/GSj3UVJW9qKyn43xWa+gl5nXmU4qqLMRzWVLFC8KusUX8T/0kCiOYpAIQ==}

  dequal@2.0.3:
    resolution: {integrity: sha512-0je+qPKHEMohvfRTCEo3CrPG6cAzAYgmzKyxRiYSSDkS6eGJdyVJm7WaYA5ECaAD9wLB2T4EEeymA5aFVcYXCA==}
    engines: {node: '>=6'}

  detect-libc@2.1.2:
    resolution: {integrity: sha512-Btj2BOOO83o3WyH59e8MgXsxEQVcarkUOpEYrubB0urwnN10yQ364rsiByU11nZlqWYZm05i/of7io4mzihBtQ==}
    engines: {node: '>=8'}

  dom-accessibility-api@0.5.16:
    resolution: {integrity: sha512-X7BJ2yElsnOJ30pZF4uIIDfBEVgF4XEBxL9Bxhy6dnrm5hkzqmsWHGTiHqRiITNhMyFLyAiWndIJP7Z1NTteDg==}

  dom-accessibility-api@0.6.3:
    resolution: {integrity: sha512-7ZgogeTnjuHbo+ct10G9Ffp0mif17idi0IyWNVA/wcwcm7NPOD/WEHVP3n7n3MhXqxoIYm8d6MuZohYWIZ4T3w==}

  escape-string-regexp@2.0.0:
    resolution: {integrity: sha512-UpzcLCXolUWcNu5HtVMHYdXJjArjsF9C0aNnquZYY4uW/Vu0miy5YoWvbV345HauVvcAUnpRuhMMcqTcGOY2+w==}
    engines: {node: '>=8'}

  expect@30.4.1:
    resolution: {integrity: sha512-PMARsyh/JtqC20HoGqlFcIlQAyqUtW4PlI1rup1uhYJtKuwAjbvWi3GQMAn+STdHum/dk8xrKfUM1+5SAwpolA==}
    engines: {node: ^18.14.0 || ^20.0.0 || ^22.0.0 || >=24.0.0}

  fdir@6.5.0:
    resolution: {integrity: sha512-tIbYtZbucOs0BRGqPJkshJUYdL+SDH7dVM8gjy+ERp3WAUjLEFJE+02kanyHtwjWOnwrKYBiwAmM0p4kLJAnXg==}
    engines: {node: '>=12.0.0'}
    peerDependencies:
      picomatch: ^3 || ^4
    peerDependenciesMeta:
      picomatch:
        optional: true

  fsevents@2.3.3:
    resolution: {integrity: sha512-5xoDfX+fL7faATnagmWPpbFtwh/R77WmMMqqHGS65C3vvB0YHrgF+B1YmZ3441tMj5n63k0212XNoJwzlhffQw==}
    engines: {node: ^8.16.0 || ^10.6.0 || >=11.0.0}
    os: [darwin]

  graceful-fs@4.2.11:
    resolution: {integrity: sha512-RbJ5/jmFcNNCcDV5o9eTnBLJ/HszWV0P73bc+Ff4nS/rJj+YaS6IGyiOL0VoBYX+l1Wrl3k63h/KrH+nhJ0XvQ==}

  has-flag@4.0.0:
    resolution: {integrity: sha512-EykJT/Q1KjTWctppgIAgfSO0tKVuZUjhgMr17kqTumMl6Afv3EISleU7qZUzoXDFTAHTDC4NOoG/ZxU3EvlMPQ==}
    engines: {node: '>=8'}

  hoist-non-react-statics@3.3.2:
    resolution: {integrity: sha512-/gGivxi8JPKWNm/W0jSmzcMPpfpPLc3dY/6GxhX2hQ9iGj3aDfklV4ET7NjKpSinLpJ5vafa9iiGIEZg10SfBw==}

  indent-string@4.0.0:
    resolution: {integrity: sha512-EdDDZu4A2OyIK7Lr/2zG+w5jmbuk1DVBnEwREQvBzspBJkCEbRa8GxU1lghYcaGJCnRWibjDXlq779X1/y5xwg==}
    engines: {node: '>=8'}

  jest-diff@30.4.1:
    resolution: {integrity: sha512-CRpFK0RtLriVDGcPPAnR6HMVI8bSR2jnUIgralhauzYQZIb4RH9AtEInTuQr65LmmGggGcRT6HIASxwqsVsmlA==}
    engines: {node: ^18.14.0 || ^20.0.0 || ^22.0.0 || >=24.0.0}

  jest-matcher-utils@30.4.1:
    resolution: {integrity: sha512-zvYfX5CaeEkFrrLS9suWe9rvJrm9J1Iv3ua8kIBv9GEPzcnsfBf0bob37la7s67fs0nlBC3EuvkOLnXQKxtx4A==}
    engines: {node: ^18.14.0 || ^20.0.0 || ^22.0.0 || >=24.0.0}

  jest-message-util@30.4.1:
    resolution: {integrity: sha512-kwCKIvq0MCW1HzLoGola9Te6JUdzgV0loyKJ3Qghrkz9i5/RRIHsL95BMQc2HBBhlBKC4j22K9p11TGHH8RBpQ==}
    engines: {node: ^18.14.0 || ^20.0.0 || ^22.0.0 || >=24.0.0}

  jest-mock@30.4.1:
    resolution: {integrity: sha512-/i8SVb8/NSB7RfNi8gfqu8gxLV23KaL5EpAttyb9iz8qWRIqXRLflycz/32wXsYkOnaUlx8NAKnJYtpsmXUmfw==}
    engines: {node: ^18.14.0 || ^20.0.0 || ^22.0.0 || >=24.0.0}

  jest-regex-util@30.4.0:
    resolution: {integrity: sha512-mWlvLviKIgIQ8VCuM1xRdD0TWp3zlzionlmDBjuXVBs+VkmXq6FgW9T4Emr7oGz/Rk6feDCGyiugolcQEyp3mg==}
    engines: {node: ^18.14.0 || ^20.0.0 || ^22.0.0 || >=24.0.0}

  jest-util@30.4.1:
    resolution: {integrity: sha512-vjQb1sACEiv13DKJMDToJpzVW0joCsIQrmbg0fi7CyOOt+g9jTuQl2A216pWRBYhOVt53XbL/2LbMKg1BECWOw==}
    engines: {node: ^18.14.0 || ^20.0.0 || ^22.0.0 || >=24.0.0}

  js-tokens@4.0.0:
    resolution: {integrity: sha512-RdJUflcE3cUzKiMqQgsCu06FPu9UdIJO0beYbPhHN4k6apgJtifcoCtT9bcxOpYBtpD2kCM6Sbzg4CausW/PKQ==}

  lightningcss-android-arm64@1.32.0:
    resolution: {integrity: sha512-YK7/ClTt4kAK0vo6w3X+Pnm0D2cf2vPHbhOXdoNti1Ga0al1P4TBZhwjATvjNwLEBCnKvjJc2jQgHXH0NEwlAg==}
    engines: {node: '>= 12.0.0'}
    cpu: [arm64]
    os: [android]

  lightningcss-darwin-arm64@1.32.0:
    resolution: {integrity: sha512-RzeG9Ju5bag2Bv1/lwlVJvBE3q6TtXskdZLLCyfg5pt+HLz9BqlICO7LZM7VHNTTn/5PRhHFBSjk5lc4cmscPQ==}
    engines: {node: '>= 12.0.0'}
    cpu: [arm64]
    os: [darwin]

  lightningcss-darwin-x64@1.32.0:
    resolution: {integrity: sha512-U+QsBp2m/s2wqpUYT/6wnlagdZbtZdndSmut/NJqlCcMLTWp5muCrID+K5UJ6jqD2BFshejCYXniPDbNh73V8w==}
    engines: {node: '>= 12.0.0'}
    cpu: [x64]
    os: [darwin]

  lightningcss-freebsd-x64@1.32.0:
    resolution: {integrity: sha512-JCTigedEksZk3tHTTthnMdVfGf61Fky8Ji2E4YjUTEQX14xiy/lTzXnu1vwiZe3bYe0q+SpsSH/CTeDXK6WHig==}
    engines: {node: '>= 12.0.0'}
    cpu: [x64]
    os: [freebsd]

  lightningcss-linux-arm-gnueabihf@1.32.0:
    resolution: {integrity: sha512-x6rnnpRa2GL0zQOkt6rts3YDPzduLpWvwAF6EMhXFVZXD4tPrBkEFqzGowzCsIWsPjqSK+tyNEODUBXeeVHSkw==}
    engines: {node: '>= 12.0.0'}
    cpu: [arm]
    os: [linux]

  lightningcss-linux-arm64-gnu@1.32.0:
    resolution: {integrity: sha512-0nnMyoyOLRJXfbMOilaSRcLH3Jw5z9HDNGfT/gwCPgaDjnx0i8w7vBzFLFR1f6CMLKF8gVbebmkUN3fa/kQJpQ==}
    engines: {node: '>= 12.0.0'}
    cpu: [arm64]
    os: [linux]
    libc: [glibc]

  lightningcss-linux-arm64-musl@1.32.0:
    resolution: {integrity: sha512-UpQkoenr4UJEzgVIYpI80lDFvRmPVg6oqboNHfoH4CQIfNA+HOrZ7Mo7KZP02dC6LjghPQJeBsvXhJod/wnIBg==}
    engines: {node: '>= 12.0.0'}
    cpu: [arm64]
    os: [linux]
    libc: [musl]

  lightningcss-linux-x64-gnu@1.32.0:
    resolution: {integrity: sha512-V7Qr52IhZmdKPVr+Vtw8o+WLsQJYCTd8loIfpDaMRWGUZfBOYEJeyJIkqGIDMZPwPx24pUMfwSxxI8phr/MbOA==}
    engines: {node: '>= 12.0.0'}
    cpu: [x64]
    os: [linux]
    libc: [glibc]

  lightningcss-linux-x64-musl@1.32.0:
    resolution: {integrity: sha512-bYcLp+Vb0awsiXg/80uCRezCYHNg1/l3mt0gzHnWV9XP1W5sKa5/TCdGWaR/zBM2PeF/HbsQv/j2URNOiVuxWg==}
    engines: {node: '>= 12.0.0'}
    cpu: [x64]
    os: [linux]
    libc: [musl]

  lightningcss-win32-arm64-msvc@1.32.0:
    resolution: {integrity: sha512-8SbC8BR40pS6baCM8sbtYDSwEVQd4JlFTOlaD3gWGHfThTcABnNDBda6eTZeqbofalIJhFx0qKzgHJmcPTnGdw==}
    engines: {node: '>= 12.0.0'}
    cpu: [arm64]
    os: [win32]

  lightningcss-win32-x64-msvc@1.32.0:
    resolution: {integrity: sha512-Amq9B/SoZYdDi1kFrojnoqPLxYhQ4Wo5XiL8EVJrVsB8ARoC1PWW6VGtT0WKCemjy8aC+louJnjS7U18x3b06Q==}
    engines: {node: '>= 12.0.0'}
    cpu: [x64]
    os: [win32]

  lightningcss@1.32.0:
    resolution: {integrity: sha512-NXYBzinNrblfraPGyrbPoD19C1h9lfI/1mzgWYvXUTe414Gz/X1FD2XBZSZM7rRTrMA8JL3OtAaGifrIKhQ5yQ==}
    engines: {node: '>= 12.0.0'}

  lz-string@1.5.0:
    resolution: {integrity: sha512-h5bgJWpxJNswbU7qCrV0tIKQCaS3blPDrqKWx+QxzuzL1zGUzij9XCWLrSLsJPu5t+eWA/ycetzYAO5IOMcWAQ==}
    hasBin: true

  min-indent@1.0.1:
    resolution: {integrity: sha512-I9jwMn07Sy/IwOj3zVkVik2JTvgpaykDZEigL6Rx6N9LbMywwUSMtxET+7lVoDLLd3O3IXwJwvuuns8UB/HeAg==}
    engines: {node: '>=4'}

  nanoid@3.3.12:
    resolution: {integrity: sha512-ZB9RH/39qpq5Vu6Y+NmUaFhQR6pp+M2Xt76XBnEwDaGcVAqhlvxrl3B2bKS5D3NH3QR76v3aSrKaF/Kiy7lEtQ==}
    engines: {node: ^10 || ^12 || ^13.7 || ^14 || >=15.0.1}
    hasBin: true

  picocolors@1.1.1:
    resolution: {integrity: sha512-xceH2snhtb5M9liqDsmEw56le376mTZkEX/jEb/RxNFyegNul7eNslCXP9FDj/Lcu0X8KEyMceP2ntpaHrDEVA==}

  picomatch@4.0.4:
    resolution: {integrity: sha512-QP88BAKvMam/3NxH6vj2o21R6MjxZUAd6nlwAS/pnGvN9IVLocLHxGYIzFhg6fUQ+5th6P4dv4eW9jX3DSIj7A==}
    engines: {node: '>=12'}

  postcss@8.5.15:
    resolution: {integrity: sha512-FfR8sjd4em2T6fb3I2MwAJU7HWVMr9zba+enmQeeWFfCbm+UOC/0X4DS8XtpUTMwWMGbjKYP7xjfNekzyGmB3A==}
    engines: {node: ^10 || ^12 || >=14}

  prettier@3.8.4:
    resolution: {integrity: sha512-N2MylSdi48+5N/6S5j+maeHbUSIzzZ5uOcX5Hm4QpV8Dkb1HFjfAKTKX6yNPJQD9AhcT3ifHNB66tWTTJDi11Q==}
    engines: {node: '>=14'}
    hasBin: true

  pretty-format@27.5.1:
    resolution: {integrity: sha512-Qb1gy5OrP5+zDf2Bvnzdl3jsTf1qXVMazbvCoKhtKqVs4/YK4ozX4gKQJJVyNe+cajNPn0KoC0MC3FUmaHWEmQ==}
    engines: {node: ^10.13.0 || ^12.13.0 || ^14.15.0 || >=15.0.0}

  pretty-format@30.4.1:
    resolution: {integrity: sha512-K6KiKMHTL4jjX4u3Kir2EW07nRfcqVTXIImx50wbjHQTcZPgg+gjVeNTIT3l3L1Rd4UefxfogquC9J37SoFyyw==}
    engines: {node: ^18.14.0 || ^20.0.0 || ^22.0.0 || >=24.0.0}

  react-dom@19.2.7:
    resolution: {integrity: sha512-t0BRVXvbiE/o20Hfw669rLbMCDWtYZLvmJigy2f0MxsXF+71pxhR3xOkspmsO8h3ZlNzyibAmtCa3l4lYKk6gQ==}
    peerDependencies:
      react: ^19.2.7

  react-is@16.13.1:
    resolution: {integrity: sha512-24e6ynE2H+OKt4kqsOvNd8kBpV65zoxbA4BVsEOB3ARVWQki/DHzaUoC5KuON/BiccDaCCTZBuOcfZs70kR8bQ==}

  react-is@17.0.2:
    resolution: {integrity: sha512-w2GsyukL62IJnlaff/nRegPQR94C/XXamvMWmSHRJ4y7Ts/4ocGRmTHvOs8PSE6pB3dWOrD/nueuU5sduBsQ4w==}

  react-is@18.3.1:
    resolution: {integrity: sha512-/LLMVyas0ljjAtoYiPqYiL8VWXzUUdThrmU5+n20DZv+a+ClRoevUzw5JxU+Ieh5/c87ytoTBV9G1FiKfNJdmg==}

  react-is@19.2.7:
    resolution: {integrity: sha512-kZFnouyVv7eP/Phmrlo9FK+zcAdriZJvzxXHF1Sl1P377WSGe2G/JxVolhTrB/jeV47lKImhNUsijjHAAbcl/A==}

  react@19.2.7:
    resolution: {integrity: sha512-HNe9WslTbXmFK8o8cmwgAeJFSBvt1bPdHCVKtaaV+WlAN36mpT4hcRpwbf3fY56ar2oIXzsBpOAiIRHAdY0OlQ==}
    engines: {node: '>=0.10.0'}

  redent@3.0.0:
    resolution: {integrity: sha512-6tDA8g98We0zd0GvVeMT9arEOnTw9qM03L9cJXaCjrip1OO764RDBLBfrB4cwzNGDj5OA5ioymC9GkizgWJDUg==}
    engines: {node: '>=8'}

  rolldown@1.0.3:
    resolution: {integrity: sha512-i00lAJ2ks1BYr7rjNjKC7BcqAS7nVfiT3QX1SI5aY+AFHblCmaUf9OE9dbdzDvW6dJxbi2ZCZiy9v3CcwOiX3g==}
    engines: {node: ^20.19.0 || >=22.12.0}
    hasBin: true

  scheduler@0.27.0:
    resolution: {integrity: sha512-eNv+WrVbKu1f3vbYJT/xtiF5syA5HPIMtf9IgY/nKg0sWqzAUEvqY/xm7OcZc/qafLx/iO9FgOmeSAp4v5ti/Q==}

  slash@3.0.0:
    resolution: {integrity: sha512-g9Q1haeby36OSStwb4ntCGGGaKsaVSjQ68fBxoQcutl5fS1vuY18H3wSt3jFyFtrkx+Kz0V1G85A4MyAdDMi2Q==}
    engines: {node: '>=8'}

  source-map-js@1.2.1:
    resolution: {integrity: sha512-UXWMKhLOwVKb728IUtQPXxfYU+usdybtUrK/8uGE8CQMvrhOpwvzDBwj0QhSL7MQc7vIsISBG8VQ8+IDQxpfQA==}
    engines: {node: '>=0.10.0'}

  stack-utils@2.0.6:
    resolution: {integrity: sha512-XlkWvfIm6RmsWtNJx+uqtKLS8eqFbxUg0ZzLXqY0caEy9l7hruX8IpiDnjsLavoBgqCCR71TqWO8MaXYheJ3RQ==}
    engines: {node: '>=10'}

  strip-indent@3.0.0:
    resolution: {integrity: sha512-laJTa3Jb+VQpaC6DseHhF7dXVqHTfJPCRDaEbid/drOhgitgYku/letMUqOXFoWV0zIIUbjpdH2t+tYj4bQMRQ==}
    engines: {node: '>=8'}

  styled-components@6.4.2:
    resolution: {integrity: sha512-xZBhBJsMtGqb+aKcwKgaT+BtuFums9VynX2JRvXJGTx5UfZzN12rk5r4nVdhXYvRw+hE7yiYxVrOqJZaK2+Txg==}
    engines: {node: '>= 16'}
    peerDependencies:
      css-to-react-native: '>= 3.2.0'
      react: '>= 16.8.0'
      react-dom: '>= 16.8.0'
      react-native: '>= 0.68.0'
    peerDependenciesMeta:
      css-to-react-native:
        optional: true
      react-dom:
        optional: true
      react-native:
        optional: true

  stylis@4.3.6:
    resolution: {integrity: sha512-yQ3rwFWRfwNUY7H5vpU0wfdkNSnvnJinhF9830Swlaxl03zsOjCfmX0ugac+3LtK0lYSgwL/KXc8oYL3mG4YFQ==}

  supports-color@7.2.0:
    resolution: {integrity: sha512-qpCAvRl9stuOHveKsn7HncJRvv501qIacKzQlO/+Lwxc9+0q2wLyv4Dfvt80/DPn2pqOBsJdDiogXGR9+OvwRw==}
    engines: {node: '>=8'}

  tinyglobby@0.2.17:
    resolution: {integrity: sha512-wXR/dYpcqKmfWpEdZjiKJOwCNFndD0DMnrW/cYjVGttEkBfVgcLFHoNrlj47mjOVic9yyNu65alsgF4NQyTa2g==}
    engines: {node: '>=12.0.0'}

  tslib@2.8.1:
    resolution: {integrity: sha512-oJFu94HQb+KVduSUQL7wnpmqnfmLsOA/nAh6b6EH0wCEoK0/mPeXU6c3wKDV83MkOuHPRHtSXKKU99IBazS/2w==}

  typescript@6.0.3:
    resolution: {integrity: sha512-y2TvuxSZPDyQakkFRPZHKFm+KKVqIisdg9/CZwm9ftvKXLP8NRWj38/ODjNbr43SsoXqNuAisEf1GdCxqWcdBw==}
    engines: {node: '>=14.17'}
    hasBin: true

  undici-types@7.24.6:
    resolution: {integrity: sha512-WRNW+sJgj5OBN4/0JpHFqtqzhpbnV0GuB+OozA9gCL7a993SmU+1JBZCzLNxYsbMfIeDL+lTsphD5jN5N+n0zg==}

  vite@8.0.16:
    resolution: {integrity: sha512-h9bXPmJichP5fLmVQo3PyaGSDE2n3aPuomeAlVRm0JLmt4rY6zmPKd59HYI4LNW8oTK7tlTsuC7l/m7awx9Jcw==}
    engines: {node: ^20.19.0 || >=22.12.0}
    hasBin: true
    peerDependencies:
      '@types/node': ^20.19.0 || >=22.12.0
      '@vitejs/devtools': ^0.1.18
      esbuild: ^0.27.0 || ^0.28.0
      jiti: '>=1.21.0'
      less: ^4.0.0
      sass: ^1.70.0
      sass-embedded: ^1.70.0
      stylus: '>=0.54.8'
      sugarss: ^5.0.0
      terser: ^5.16.0
      tsx: ^4.8.1
      yaml: ^2.4.2
    peerDependenciesMeta:
      '@types/node':
        optional: true
      '@vitejs/devtools':
        optional: true
      esbuild:
        optional: true
      jiti:
        optional: true
      less:
        optional: true
      sass:
        optional: true
      sass-embedded:
        optional: true
      stylus:
        optional: true
      sugarss:
        optional: true
      terser:
        optional: true
      tsx:
        optional: true
      yaml:
        optional: true

  web-vitals@5.3.0:
    resolution: {integrity: sha512-q6LWsLatGYZp5VGBIOvbTj6JBV2nOmC8KvWztXBmwJcfFAzhwKwbOxhUH306XY3CcaZDUlSmSuNPBsCn0bFu+g==}

snapshots:

  '@adobe/css-tools@4.5.0': {}

  '@babel/code-frame@7.29.7':
    dependencies:
      '@babel/helper-validator-identifier': 7.29.7
      js-tokens: 4.0.0
      picocolors: 1.1.1

  '@babel/helper-validator-identifier@7.29.7': {}

  '@babel/runtime@7.29.7': {}

  '@emnapi/core@1.10.0':
    dependencies:
      '@emnapi/wasi-threads': 1.2.1
      tslib: 2.8.1
    optional: true

  '@emnapi/runtime@1.10.0':
    dependencies:
      tslib: 2.8.1
    optional: true

  '@emnapi/wasi-threads@1.2.1':
    dependencies:
      tslib: 2.8.1
    optional: true

  '@emotion/is-prop-valid@1.4.0':
    dependencies:
      '@emotion/memoize': 0.9.0

  '@emotion/memoize@0.9.0': {}

  '@jest/diff-sequences@30.4.0': {}

  '@jest/expect-utils@30.4.1':
    dependencies:
      '@jest/get-type': 30.1.0

  '@jest/get-type@30.1.0': {}

  '@jest/pattern@30.4.0':
    dependencies:
      '@types/node': 25.9.3
      jest-regex-util: 30.4.0

  '@jest/schemas@30.4.1':
    dependencies:
      '@sinclair/typebox': 0.34.49

  '@jest/types@30.4.1':
    dependencies:
      '@jest/pattern': 30.4.0
      '@jest/schemas': 30.4.1
      '@types/istanbul-lib-coverage': 2.0.6
      '@types/istanbul-reports': 3.0.4
      '@types/node': 25.9.3
      '@types/yargs': 17.0.35
      chalk: 4.1.2

  '@napi-rs/wasm-runtime@1.1.5(@emnapi/core@1.10.0)(@emnapi/runtime@1.10.0)':
    dependencies:
      '@emnapi/core': 1.10.0
      '@emnapi/runtime': 1.10.0
      '@tybys/wasm-util': 0.10.2
    optional: true

  '@oxc-project/types@0.133.0': {}

  '@rolldown/binding-android-arm64@1.0.3':
    optional: true

  '@rolldown/binding-darwin-arm64@1.0.3':
    optional: true

  '@rolldown/binding-darwin-x64@1.0.3':
    optional: true

  '@rolldown/binding-freebsd-x64@1.0.3':
    optional: true

  '@rolldown/binding-linux-arm-gnueabihf@1.0.3':
    optional: true

  '@rolldown/binding-linux-arm64-gnu@1.0.3':
    optional: true

  '@rolldown/binding-linux-arm64-musl@1.0.3':
    optional: true

  '@rolldown/binding-linux-ppc64-gnu@1.0.3':
    optional: true

  '@rolldown/binding-linux-s390x-gnu@1.0.3':
    optional: true

  '@rolldown/binding-linux-x64-gnu@1.0.3':
    optional: true

  '@rolldown/binding-linux-x64-musl@1.0.3':
    optional: true

  '@rolldown/binding-openharmony-arm64@1.0.3':
    optional: true

  '@rolldown/binding-wasm32-wasi@1.0.3':
    dependencies:
      '@emnapi/core': 1.10.0
      '@emnapi/runtime': 1.10.0
      '@napi-rs/wasm-runtime': 1.1.5(@emnapi/core@1.10.0)(@emnapi/runtime@1.10.0)
    optional: true

  '@rolldown/binding-win32-arm64-msvc@1.0.3':
    optional: true

  '@rolldown/binding-win32-x64-msvc@1.0.3':
    optional: true

  '@rolldown/pluginutils@1.0.1': {}

  '@sinclair/typebox@0.34.49': {}

  '@testing-library/dom@10.4.1':
    dependencies:
      '@babel/code-frame': 7.29.7
      '@babel/runtime': 7.29.7
      '@types/aria-query': 5.0.4
      aria-query: 5.3.0
      dom-accessibility-api: 0.5.16
      lz-string: 1.5.0
      picocolors: 1.1.1
      pretty-format: 27.5.1

  '@testing-library/jest-dom@6.9.1':
    dependencies:
      '@adobe/css-tools': 4.5.0
      aria-query: 5.3.2
      css.escape: 1.5.1
      dom-accessibility-api: 0.6.3
      picocolors: 1.1.1
      redent: 3.0.0

  '@testing-library/react@16.3.2(@testing-library/dom@10.4.1)(@types/react-dom@19.2.3(@types/react@19.2.17))(@types/react@19.2.17)(react-dom@19.2.7(react@19.2.7))(react@19.2.7)':
    dependencies:
      '@babel/runtime': 7.29.7
      '@testing-library/dom': 10.4.1
      react: 19.2.7
      react-dom: 19.2.7(react@19.2.7)
    optionalDependencies:
      '@types/react': 19.2.17
      '@types/react-dom': 19.2.3(@types/react@19.2.17)

  '@testing-library/user-event@14.6.1(@testing-library/dom@10.4.1)':
    dependencies:
      '@testing-library/dom': 10.4.1

  '@tybys/wasm-util@0.10.2':
    dependencies:
      tslib: 2.8.1
    optional: true

  '@types/aria-query@5.0.4': {}

  '@types/hoist-non-react-statics@3.3.7(@types/react@19.2.17)':
    dependencies:
      '@types/react': 19.2.17
      hoist-non-react-statics: 3.3.2

  '@types/istanbul-lib-coverage@2.0.6': {}

  '@types/istanbul-lib-report@3.0.3':
    dependencies:
      '@types/istanbul-lib-coverage': 2.0.6

  '@types/istanbul-reports@3.0.4':
    dependencies:
      '@types/istanbul-lib-report': 3.0.3

  '@types/jest@30.0.0':
    dependencies:
      expect: 30.4.1
      pretty-format: 30.4.1

  '@types/node@25.9.3':
    dependencies:
      undici-types: 7.24.6

  '@types/react-dom@19.2.3(@types/react@19.2.17)':
    dependencies:
      '@types/react': 19.2.17

  '@types/react@19.2.17':
    dependencies:
      csstype: 3.2.3

  '@types/stack-utils@2.0.3': {}

  '@types/styled-components@5.1.36':
    dependencies:
      '@types/hoist-non-react-statics': 3.3.7(@types/react@19.2.17)
      '@types/react': 19.2.17
      csstype: 3.2.3

  '@types/yargs-parser@21.0.3': {}

  '@types/yargs@17.0.35':
    dependencies:
      '@types/yargs-parser': 21.0.3

  '@vitejs/plugin-react@6.0.2(vite@8.0.16(@types/node@25.9.3))':
    dependencies:
      '@rolldown/pluginutils': 1.0.1
      vite: 8.0.16(@types/node@25.9.3)

  ansi-regex@5.0.1: {}

  ansi-styles@4.3.0:
    dependencies:
      color-convert: 2.0.1

  ansi-styles@5.2.0: {}

  aria-query@5.3.0:
    dependencies:
      dequal: 2.0.3

  aria-query@5.3.2: {}

  chalk@4.1.2:
    dependencies:
      ansi-styles: 4.3.0
      supports-color: 7.2.0

  ci-info@4.4.0: {}

  color-convert@2.0.1:
    dependencies:
      color-name: 1.1.4

  color-name@1.1.4: {}

  css.escape@1.5.1: {}

  csstype@3.2.3: {}

  dequal@2.0.3: {}

  detect-libc@2.1.2: {}

  dom-accessibility-api@0.5.16: {}

  dom-accessibility-api@0.6.3: {}

  escape-string-regexp@2.0.0: {}

  expect@30.4.1:
    dependencies:
      '@jest/expect-utils': 30.4.1
      '@jest/get-type': 30.1.0
      jest-matcher-utils: 30.4.1
      jest-message-util: 30.4.1
      jest-mock: 30.4.1
      jest-util: 30.4.1

  fdir@6.5.0(picomatch@4.0.4):
    optionalDependencies:
      picomatch: 4.0.4

  fsevents@2.3.3:
    optional: true

  graceful-fs@4.2.11: {}

  has-flag@4.0.0: {}

  hoist-non-react-statics@3.3.2:
    dependencies:
      react-is: 16.13.1

  indent-string@4.0.0: {}

  jest-diff@30.4.1:
    dependencies:
      '@jest/diff-sequences': 30.4.0
      '@jest/get-type': 30.1.0
      chalk: 4.1.2
      pretty-format: 30.4.1

  jest-matcher-utils@30.4.1:
    dependencies:
      '@jest/get-type': 30.1.0
      chalk: 4.1.2
      jest-diff: 30.4.1
      pretty-format: 30.4.1

  jest-message-util@30.4.1:
    dependencies:
      '@babel/code-frame': 7.29.7
      '@jest/types': 30.4.1
      '@types/stack-utils': 2.0.3
      chalk: 4.1.2
      graceful-fs: 4.2.11
      jest-util: 30.4.1
      picomatch: 4.0.4
      pretty-format: 30.4.1
      slash: 3.0.0
      stack-utils: 2.0.6

  jest-mock@30.4.1:
    dependencies:
      '@jest/types': 30.4.1
      '@types/node': 25.9.3
      jest-util: 30.4.1

  jest-regex-util@30.4.0: {}

  jest-util@30.4.1:
    dependencies:
      '@jest/types': 30.4.1
      '@types/node': 25.9.3
      chalk: 4.1.2
      ci-info: 4.4.0
      graceful-fs: 4.2.11
      picomatch: 4.0.4

  js-tokens@4.0.0: {}

  lightningcss-android-arm64@1.32.0:
    optional: true

  lightningcss-darwin-arm64@1.32.0:
    optional: true

  lightningcss-darwin-x64@1.32.0:
    optional: true

  lightningcss-freebsd-x64@1.32.0:
    optional: true

  lightningcss-linux-arm-gnueabihf@1.32.0:
    optional: true

  lightningcss-linux-arm64-gnu@1.32.0:
    optional: true

  lightningcss-linux-arm64-musl@1.32.0:
    optional: true

  lightningcss-linux-x64-gnu@1.32.0:
    optional: true

  lightningcss-linux-x64-musl@1.32.0:
    optional: true

  lightningcss-win32-arm64-msvc@1.32.0:
    optional: true

  lightningcss-win32-x64-msvc@1.32.0:
    optional: true

  lightningcss@1.32.0:
    dependencies:
      detect-libc: 2.1.2
    optionalDependencies:
      lightningcss-android-arm64: 1.32.0
      lightningcss-darwin-arm64: 1.32.0
      lightningcss-darwin-x64: 1.32.0
      lightningcss-freebsd-x64: 1.32.0
      lightningcss-linux-arm-gnueabihf: 1.32.0
      lightningcss-linux-arm64-gnu: 1.32.0
      lightningcss-linux-arm64-musl: 1.32.0
      lightningcss-linux-x64-gnu: 1.32.0
      lightningcss-linux-x64-musl: 1.32.0
      lightningcss-win32-arm64-msvc: 1.32.0
      lightningcss-win32-x64-msvc: 1.32.0

  lz-string@1.5.0: {}

  min-indent@1.0.1: {}

  nanoid@3.3.12: {}

  picocolors@1.1.1: {}

  picomatch@4.0.4: {}

  postcss@8.5.15:
    dependencies:
      nanoid: 3.3.12
      picocolors: 1.1.1
      source-map-js: 1.2.1

  prettier@3.8.4: {}

  pretty-format@27.5.1:
    dependencies:
      ansi-regex: 5.0.1
      ansi-styles: 5.2.0
      react-is: 17.0.2

  pretty-format@30.4.1:
    dependencies:
      '@jest/schemas': 30.4.1
      ansi-styles: 5.2.0
      react-is-18: react-is@18.3.1
      react-is-19: react-is@19.2.7

  react-dom@19.2.7(react@19.2.7):
    dependencies:
      react: 19.2.7
      scheduler: 0.27.0

  react-is@16.13.1: {}

  react-is@17.0.2: {}

  react-is@18.3.1: {}

  react-is@19.2.7: {}

  react@19.2.7: {}

  redent@3.0.0:
    dependencies:
      indent-string: 4.0.0
      strip-indent: 3.0.0

  rolldown@1.0.3:
    dependencies:
      '@oxc-project/types': 0.133.0
      '@rolldown/pluginutils': 1.0.1
    optionalDependencies:
      '@rolldown/binding-android-arm64': 1.0.3
      '@rolldown/binding-darwin-arm64': 1.0.3
      '@rolldown/binding-darwin-x64': 1.0.3
      '@rolldown/binding-freebsd-x64': 1.0.3
      '@rolldown/binding-linux-arm-gnueabihf': 1.0.3
      '@rolldown/binding-linux-arm64-gnu': 1.0.3
      '@rolldown/binding-linux-arm64-musl': 1.0.3
      '@rolldown/binding-linux-ppc64-gnu': 1.0.3
      '@rolldown/binding-linux-s390x-gnu': 1.0.3
      '@rolldown/binding-linux-x64-gnu': 1.0.3
      '@rolldown/binding-linux-x64-musl': 1.0.3
      '@rolldown/binding-openharmony-arm64': 1.0.3
      '@rolldown/binding-wasm32-wasi': 1.0.3
      '@rolldown/binding-win32-arm64-msvc': 1.0.3
      '@rolldown/binding-win32-x64-msvc': 1.0.3

  scheduler@0.27.0: {}

  slash@3.0.0: {}

  source-map-js@1.2.1: {}

  stack-utils@2.0.6:
    dependencies:
      escape-string-regexp: 2.0.0

  strip-indent@3.0.0:
    dependencies:
      min-indent: 1.0.1

  styled-components@6.4.2(react-dom@19.2.7(react@19.2.7))(react@19.2.7):
    dependencies:
      '@emotion/is-prop-valid': 1.4.0
      csstype: 3.2.3
      react: 19.2.7
      stylis: 4.3.6
    optionalDependencies:
      react-dom: 19.2.7(react@19.2.7)

  stylis@4.3.6: {}

  supports-color@7.2.0:
    dependencies:
      has-flag: 4.0.0

  tinyglobby@0.2.17:
    dependencies:
      fdir: 6.5.0(picomatch@4.0.4)
      picomatch: 4.0.4

  tslib@2.8.1:
    optional: true

  typescript@6.0.3: {}

  undici-types@7.24.6: {}

  vite@8.0.16(@types/node@25.9.3):
    dependencies:
      lightningcss: 1.32.0
      picomatch: 4.0.4
      postcss: 8.5.15
      rolldown: 1.0.3
      tinyglobby: 0.2.17
    optionalDependencies:
      '@types/node': 25.9.3
      fsevents: 2.3.3

  web-vitals@5.3.0: {}
